
Microsoft Visual Studio Solution File, Format Version 12.00
# Visual Studio Version 17
VisualStudioVersion = 17.2.32630.192
MinimumVisualStudioVersion = 10.0.40219.1
Project("{9A19103F-16F7-4668-BE54-9A1E7A4F7556}") = "H4School.ProjectVault.Console", "..\H4School.ProjectVault.Console\H4School.ProjectVault.Console.csproj", "{54F50CE3-EA05-4207-953F-FDC58B87CA5B}"
EndProject
Project("{9A19103F-16F7-4668-BE54-9A1E7A4F7556}") = "H4School.ProjectVault.Service", "..\H4School.ProjectVault.Service\H4School.ProjectVault.Service.csproj", "{7E01087F-3D7A-4D01-8BA8-7FF2885727B7}"
EndProject
Project("{9A19103F-16F7-4668-BE54-9A1E7A4F7556}") = "H4School.ProjectVault.Tests", "..\H4School.ProjectVault.Tests\H4School.ProjectVault.Tests.csproj", "{8122A818-4A11-4176-9029-DB41A5C83D2B}"
EndProject
Global
	GlobalSection(SolutionConfigurationPlatforms) = preSolution
		Debug|Any CPU = Debug|Any CPU
		Release|Any CPU = Release|Any CPU
	EndGlobalSection
	GlobalSection(ProjectConfigurationPlatforms) = postSolution
		{54F50CE3-EA05-4207-953F-FDC58B87CA5B}.Debug|Any CPU.ActiveCfg = Debug|Any CPU
		{54F50CE3-EA05-4207-953F-FDC58B87CA5B}.Debug|Any CPU.Build.0 = Debug|Any CPU
		{54F50CE3-EA05-4207-953F-FDC58B87CA5B}.Release|Any CPU.ActiveCfg = Release|Any CPU
		{54F50CE3-EA05-4207-953F-FDC58B87CA5B}.Release|Any CPU.Build.0 = Release|Any CPU
		{7E01087F-3D7A-4D01-8BA8-7FF2885727B7}.Debug|Any CPU.ActiveCfg = Debug|Any CPU
		{7E01087F-3D7A-4D01-8BA8-7FF2885727B7}.Debug|Any CPU.Build.0 = Debug|Any CPU
		{7E01087F-3D7A-4D01-8BA8-7FF2885727B7}.Release|Any CPU.ActiveCfg = Release|Any CPU
		{7E01087F-3D7A-4D01-8BA8-7FF2885727B7}.Release|Any CPU.Build.0 = Release|Any CPU
		{8122A818-4A11-4176-9029-DB41A5C83D2B}.Debug|Any CPU.ActiveCfg = Debug|Any CPU
		{8122A818-4A11-4176-9029-DB41A5C83D2B}.Debug|Any CPU.Build.0 = Debug|Any CPU
		{8122A818-4A11-4176-9029-DB41A5C83D2B}.Release|Any CPU.ActiveCfg = Release|Any CPU
		{8122A818-4A11-4176-9029-DB41A5C83D2B}.Release|Any CPU.Build.0 = Release|Any CPU
	EndGlobalSection
	GlobalSection(SolutionProperties) = preSolution
		HideSolutionNode = FALSE
	EndGlobalSection
	GlobalSection(ExtensibilityGlobals) = postSolution
		SolutionGuid = {88A0A9AB-6BBA-46B2-B140-D129E3A93220}
	EndGlobalSection
EndGlobal
